{
  "version": 1,
  "dependencies": {
    "net8.0": {
      "coverlet.collector": {
        "type": "Direct",
        "requested": "[6.0.0, )",
        "resolved": "6.0.0",
        "contentHash": "tW3lsNS+dAEII6YGUX/VMoJjBS1QvsxqJeqLaJXub08y1FSjasFPtQ4UBUsudE9PNrzLjooClMsPtY2cZLdXpQ=="
      },
      "FluentAssertions": {
        "type": "Direct",
        "requested": "[6.12.0, )",
        "resolved": "6.12.0",
        "contentHash": "ZXhHT2YwP9lajrwSKbLlFqsmCCvFJMoRSK9t7sImfnCyd0OB3MhgxdoMcVqxbq1iyxD6mD2fiackWmBb7ayiXQ==",
        "dependencies": {
          "System.Configuration.ConfigurationManager": "4.4.0"
        }
      },
      "Microsoft.NET.Test.Sdk": {
        "type": "Direct",
        "requested": "[17.8.0, )",
        "resolved": "17.8.0",
        "contentHash": "BmTYGbD/YuDHmApIENdoyN1jCk0Rj1fJB0+B/fVekyTdVidr91IlzhqzytiUgaEAzL1ZJcYCme0MeBMYvJVzvw==",
        "dependencies": {
          "Microsoft.CodeCoverage": "17.8.0",
          "Microsoft.TestPlatform.TestHost": "17.8.0"
        }
      },
      "Moq": {
        "type": "Direct",
        "requested": "[4.20.70, )",
        "resolved": "4.20.70",
        "contentHash": "4rNnAwdpXJBuxqrOCzCyICXHSImOTRktCgCWXWykuF1qwoIsVvEnR7PjbMk/eLOxWvhmj5Kwt+kDV3RGUYcNwg==",
        "dependencies": {
          "Castle.Core": "5.1.1"
        }
      },
      "MSTest.TestAdapter": {
        "type": "Direct",
        "requested": "[3.2.2, )",
        "resolved": "3.2.2",
        "contentHash": "E3dnR9KTNCP61O4yIRBPV0KFXQszW2IJv3O+LqNIK6rUrXNSsXc9QeZBnFYBYwA21uTv3e27xDyreddqe9eUHg==",
        "dependencies": {
          "Microsoft.Testing.Extensions.Telemetry": "1.0.2",
          "Microsoft.Testing.Extensions.VSTestBridge": "1.0.2",
          "Microsoft.Testing.Platform.MSBuild": "1.0.2"
        }
      },
      "MSTest.TestFramework": {
        "type": "Direct",
        "requested": "[3.2.2, )",
        "resolved": "3.2.2",
        "contentHash": "t3o8wfuMvjq1ETxsX6qBIOJMpnNpRoBjf2+0ZEKURSH+xHnpLM7yojNkLgJbir7vQGzQh7JaAUBO1MkszBvVrw=="
      },
      "Verify.MSTest": {
        "type": "Direct",
        "requested": "[23.5.2, )",
        "resolved": "23.5.2",
        "contentHash": "kpMRZCr/Gur9vS/cC7yHsTR0rJQF3g1O5DJ3KkLoOwPESJ/lE7gf/ifML4Lm6Lt916wWVHr/E7c1msHfX0drkA==",
        "dependencies": {
          "EmptyFiles": "8.2.0",
          "MSTest.TestFramework": "3.2.2",
          "Verify": "23.5.2"
        }
      },
      "Argon": {
        "type": "Transitive",
        "resolved": "0.17.0",
        "contentHash": "TC/5P8sb2AKeC6dLAEx7ex1sr2IiQOI0tZ8yV6J3QT8qp7bUfP/blmwrgZ/zIab84XQ+XScT1zUeok96iZ7ReQ=="
      },
      "Castle.Core": {
        "type": "Transitive",
        "resolved": "5.1.1",
        "contentHash": "rpYtIczkzGpf+EkZgDr9CClTdemhsrwA/W5hMoPjLkRFnXzH44zDLoovXeKtmxb1ykXK9aJVODSpiJml8CTw2g==",
        "dependencies": {
          "System.Diagnostics.EventLog": "6.0.0"
        }
      },
      "DiffEngine": {
        "type": "Transitive",
        "resolved": "15.3.0",
        "contentHash": "5UJqcGfk4tDs4FFikkV2cva2pY7bRM6MnEVRRM+HX+8yTA/vFWjeiceZUf1ZkJPrO5mdPtmYmXXFbNdxgeG5ng==",
        "dependencies": {
          "EmptyFiles": "8.2.0",
          "System.Management": "6.0.2"
        }
      },
      "EmptyFiles": {
        "type": "Transitive",
        "resolved": "8.2.0",
        "contentHash": "LnZLh5IPCc0zDjVWnta9pwLR9UxH0Ki08iru+2BRZ2tMigZDSlQQ9u3GnEjaDemaSCJwKLQyf3lsnVnbVldQ/g=="
      },
      "Microsoft.ApplicationInsights": {
        "type": "Transitive",
        "resolved": "2.21.0",
        "contentHash": "btZEDWAFNo9CoYliMCriSMTX3ruRGZTtYw4mo2XyyfLlowFicYVM2Xszi5evDG95QRYV7MbbH3D2RqVwfZlJHw==",
        "dependencies": {
          "System.Diagnostics.DiagnosticSource": "5.0.0"
        }
      },
      "Microsoft.CodeCoverage": {
        "type": "Transitive",
        "resolved": "17.8.0",
        "contentHash": "KC8SXWbGIdoFVdlxKk9WHccm0llm9HypcHMLUUFabRiTS3SO2fQXNZfdiF3qkEdTJhbRrxhdRxjL4jbtwPq4Ew=="
      },
      "Microsoft.Testing.Extensions.Telemetry": {
        "type": "Transitive",
        "resolved": "1.0.2",
        "contentHash": "32YnySeewFl0IAgI27bTbFZdfA+Tvmg5p7kxgPcFAPKLjW1HTNKlKMrEYFgCIIT1Onak2Iod0tvsHYqXzV3a+w==",
        "dependencies": {
          "Microsoft.ApplicationInsights": "2.21.0",
          "Microsoft.Testing.Platform": "1.0.2"
        }
      },
      "Microsoft.Testing.Extensions.TrxReport.Abstractions": {
        "type": "Transitive",
        "resolved": "1.0.2",
        "contentHash": "MPHXtnoaf3lESF7eXbYSzvb12K1SZslEpQ1evf3GZAvtfXXyBeFwpcSMd+l3jW8z+zhmniC2gAc6jq/GEgFW2Q==",
        "dependencies": {
          "Microsoft.Testing.Platform": "1.0.2"
        }
      },
      "Microsoft.Testing.Extensions.VSTestBridge": {
        "type": "Transitive",
        "resolved": "1.0.2",
        "contentHash": "68/CZ2mmtdNx8QrMenQ90HVb0gYGpFP54GLRwvMyaDgnhwYgN55TDU+ypBS3X5xThJda42mckfFhBqpjjeYz+A==",
        "dependencies": {
          "Microsoft.TestPlatform.ObjectModel": "17.5.0",
          "Microsoft.Testing.Extensions.TrxReport.Abstractions": "1.0.2",
          "Microsoft.Testing.Platform": "1.0.2"
        }
      },
      "Microsoft.Testing.Platform": {
        "type": "Transitive",
        "resolved": "1.0.2",
        "contentHash": "pVZqxU3LsZLF7Cle0GH+j1+uz5FhmcxEe9sS5sZvONeqgv/EP/p7aI3bIaeoVs0YAVH3UmlqDAsWP5oXcT294A=="
      },
      "Microsoft.Testing.Platform.MSBuild": {
        "type": "Transitive",
        "resolved": "1.0.2",
        "contentHash": "9f5JiIEEEkI/MvCi9zCxbX8k9D4xtyqJkaWKtDIt4R/CAJEYN5op3LcUyfbMAKhsFUTn1D+DGTfu5XPoh6fwJw==",
        "dependencies": {
          "Microsoft.Testing.Platform": "1.0.2"
        }
      },
      "Microsoft.TestPlatform.ObjectModel": {
        "type": "Transitive",
        "resolved": "17.8.0",
        "contentHash": "AYy6vlpGMfz5kOFq99L93RGbqftW/8eQTqjT9iGXW6s9MRP3UdtY8idJ8rJcjeSja8A18IhIro5YnH3uv1nz4g==",
        "dependencies": {
          "NuGet.Frameworks": "6.5.0",
          "System.Reflection.Metadata": "1.6.0"
        }
      },
      "Microsoft.TestPlatform.TestHost": {
        "type": "Transitive",
        "resolved": "17.8.0",
        "contentHash": "9ivcl/7SGRmOT0YYrHQGohWiT5YCpkmy/UEzldfVisLm6QxbLaK3FAJqZXI34rnRLmqqDCeMQxKINwmKwAPiDw==",
        "dependencies": {
          "Microsoft.TestPlatform.ObjectModel": "17.8.0",
          "Newtonsoft.Json": "13.0.1"
        }
      },
      "Newtonsoft.Json": {
        "type": "Transitive",
        "resolved": "13.0.1",
        "contentHash": "ppPFpBcvxdsfUonNcvITKqLl3bqxWbDCZIzDWHzjpdAHRFfZe0Dw9HmA0+za13IdyrgJwpkDTDA9fHaxOrt20A=="
      },
      "NuGet.Frameworks": {
        "type": "Transitive",
        "resolved": "6.5.0",
        "contentHash": "QWINE2x3MbTODsWT1Gh71GaGb5icBz4chS8VYvTgsBnsi8esgN6wtHhydd7fvToWECYGq7T4cgBBDiKD/363fg=="
      },
      "SimpleInfoName": {
        "type": "Transitive",
        "resolved": "2.2.0",
        "contentHash": "jZwJajqdF56n0HcwvM8wqrwhr8tBqp7E3dWVoa5XWMC4tqSXP4+rIfYipeVIavRUI5MSj5vYPCdwtF3h4RJvxA=="
      },
      "System.CodeDom": {
        "type": "Transitive",
        "resolved": "6.0.0",
        "contentHash": "CPc6tWO1LAer3IzfZufDBRL+UZQcj5uS207NHALQzP84Vp/z6wF0Aa0YZImOQY8iStY0A2zI/e3ihKNPfUm8XA=="
      },
      "System.Configuration.ConfigurationManager": {
        "type": "Transitive",
        "resolved": "4.4.0",
        "contentHash": "gWwQv/Ug1qWJmHCmN17nAbxJYmQBM/E94QxKLksvUiiKB1Ld3Sc/eK1lgmbSjDFxkQhVuayI/cGFZhpBSodLrg==",
        "dependencies": {
          "System.Security.Cryptography.ProtectedData": "4.4.0"
        }
      },
      "System.Diagnostics.DiagnosticSource": {
        "type": "Transitive",
        "resolved": "5.0.0",
        "contentHash": "tCQTzPsGZh/A9LhhA6zrqCRV4hOHsK90/G7q3Khxmn6tnB1PuNU0cRaKANP2AWcF9bn0zsuOoZOSrHuJk6oNBA=="
      },
      "System.Diagnostics.EventLog": {
        "type": "Transitive",
        "resolved": "6.0.0",
        "contentHash": "lcyUiXTsETK2ALsZrX+nWuHSIQeazhqPphLfaRxzdGaG93+0kELqpgEHtwWOlQe7+jSFnKwaCAgL4kjeZCQJnw=="
      },
      "System.IO.Hashing": {
        "type": "Transitive",
        "resolved": "8.0.0",
        "contentHash": "ne1843evDugl0md7Fjzy6QjJrzsjh46ZKbhf8GwBXb5f/gw97J4bxMs0NQKifDuThh/f0bZ0e62NPl1jzTuRqA=="
      },
      "System.Management": {
        "type": "Transitive",
        "resolved": "6.0.2",
        "contentHash": "s6c9x2Kghd+ncEDnT6ApYVOacDXr/Y57oSUSx6wjegMOfKxhtrXn3PdASPNU59y3kB9OJ1yb3l5k6uKr3bhqew==",
        "dependencies": {
          "System.CodeDom": "6.0.0"
        }
      },
      "System.Reflection.Metadata": {
        "type": "Transitive",
        "resolved": "1.6.0",
        "contentHash": "COC1aiAJjCoA5GBF+QKL2uLqEBew4JsCkQmoHKbN3TlOZKa2fKLz5CpiRQKDz0RsAOEGsVKqOD5bomsXq/4STQ=="
      },
      "System.Security.Cryptography.ProtectedData": {
        "type": "Transitive",
        "resolved": "4.4.0",
        "contentHash": "cJV7ScGW7EhatRsjehfvvYVBvtiSMKgN8bOVI0bQhnF5bU7vnHVIsH49Kva7i7GWaWYvmEzkYVk1TC+gZYBEog=="
      },
      "Verify": {
        "type": "Transitive",
        "resolved": "23.5.2",
        "contentHash": "JxJ/1MQJLjfbFpMF+6l41yDBGSAA5Ihc6y9Cfw8X82NpLJTEQLQ89KTJupRXOqJSyMP2ovl0bQinuGqLfBoJ3A==",
        "dependencies": {
          "Argon": "0.17.0",
          "DiffEngine": "15.3.0",
          "EmptyFiles": "8.2.0",
          "SimpleInfoName": "2.2.0",
          "System.IO.Hashing": "8.0.0"
        }
      },
      "wb.testutils": {
        "type": "Project"
      }
    }
  }
}